
Microsoft Visual Studio Solution File, Format Version 12.00
# Visual Studio Version 17
VisualStudioVersion = 17.8.34525.116
MinimumVisualStudioVersion = 10.0.40219.1
Project("{FAE04EC0-301F-11D3-BF4B-00C04F79EFBC}") = "UI", "UI\UI.csproj", "{4DF5F0DC-459D-40D1-B1DC-07E8091781D5}"
EndProject
Project("{FAE04EC0-301F-11D3-BF4B-00C04F79EFBC}") = "DAL", "DAL\DAL.csproj", "{95746D81-4AB9-41CE-BD68-40BEEC5A3DEA}"
EndProject
Project("{FAE04EC0-301F-11D3-BF4B-00C04F79EFBC}") = "Service", "Service\Service.csproj", "{8750C765-8B53-4609-992E-BF2809869ACC}"
EndProject
Global
	GlobalSection(SolutionConfigurationPlatforms) = preSolution
		Debug|Any CPU = Debug|Any CPU
		Release|Any CPU = Release|Any CPU
	EndGlobalSection
	GlobalSection(ProjectConfigurationPlatforms) = postSolution
		{4DF5F0DC-459D-40D1-B1DC-07E8091781D5}.Debug|Any CPU.ActiveCfg = Debug|Any CPU
		{4DF5F0DC-459D-40D1-B1DC-07E8091781D5}.Debug|Any CPU.Build.0 = Debug|Any CPU
		{4DF5F0DC-459D-40D1-B1DC-07E8091781D5}.Release|Any CPU.ActiveCfg = Release|Any CPU
		{4DF5F0DC-459D-40D1-B1DC-07E8091781D5}.Release|Any CPU.Build.0 = Release|Any CPU
		{95746D81-4AB9-41CE-BD68-40BEEC5A3DEA}.Debug|Any CPU.ActiveCfg = Debug|Any CPU
		{95746D81-4AB9-41CE-BD68-40BEEC5A3DEA}.Debug|Any CPU.Build.0 = Debug|Any CPU
		{95746D81-4AB9-41CE-BD68-40BEEC5A3DEA}.Release|Any CPU.ActiveCfg = Release|Any CPU
		{95746D81-4AB9-41CE-BD68-40BEEC5A3DEA}.Release|Any CPU.Build.0 = Release|Any CPU
		{8750C765-8B53-4609-992E-BF2809869ACC}.Debug|Any CPU.ActiveCfg = Debug|Any CPU
		{8750C765-8B53-4609-992E-BF2809869ACC}.Debug|Any CPU.Build.0 = Debug|Any CPU
		{8750C765-8B53-4609-992E-BF2809869ACC}.Release|Any CPU.ActiveCfg = Release|Any CPU
		{8750C765-8B53-4609-992E-BF2809869ACC}.Release|Any CPU.Build.0 = Release|Any CPU
	EndGlobalSection
	GlobalSection(SolutionProperties) = preSolution
		HideSolutionNode = FALSE
	EndGlobalSection
	GlobalSection(ExtensibilityGlobals) = postSolution
		SolutionGuid = {4F935CF1-63B3-45FC-8E47-BB16CA889342}
	EndGlobalSection
EndGlobal
